
Microsoft Visual Studio Solution File, Format Version 12.00
# Visual Studio Version 17
VisualStudioVersion = 17.14.36623.8 d17.14
MinimumVisualStudioVersion = 10.0.40219.1
Project("{FAE04EC0-301F-11D3-BF4B-00C04F79EFBC}") = "MidiSurface", "app\MidiSurface.csproj", "{9C2CB654-8B76-4BBC-A386-071CE875E6FD}"
EndProject
Global
	GlobalSection(SolutionConfigurationPlatforms) = preSolution
		Debug|x64 = Debug|x64
		Release|x64 = Release|x64
	EndGlobalSection
	GlobalSection(ProjectConfigurationPlatforms) = postSolution
		{9C2CB654-8B76-4BBC-A386-071CE875E6FD}.Debug|x64.ActiveCfg = Debug|x64
		{9C2CB654-8B76-4BBC-A386-071CE875E6FD}.Debug|x64.Build.0 = Debug|x64
		{9C2CB654-8B76-4BBC-A386-071CE875E6FD}.Release|x64.ActiveCfg = Release|x64
		{9C2CB654-8B76-4BBC-A386-071CE875E6FD}.Release|x64.Build.0 = Release|x64
	EndGlobalSection
	GlobalSection(SolutionProperties) = preSolution
		HideSolutionNode = FALSE
	EndGlobalSection
	GlobalSection(ExtensibilityGlobals) = postSolution
		SolutionGuid = {2A4D2059-FB51-4AC1-B287-261007991709}
	EndGlobalSection
EndGlobal
